
Microsoft Visual Studio Solution File, Format Version 11.00
# Visual Studio 2010
Project("{FAE04EC0-301F-11D3-BF4B-00C04F79EFBC}") = "Assembly-CSharp", "Assembly-CSharp.csproj", "{3fdb3442-7432-0636-ec33-7c333ec64cc4}"
EndProject
Project("{FAE04EC0-301F-11D3-BF4B-00C04F79EFBC}") = "Assembly-CSharp-Editor", "Assembly-CSharp-Editor.csproj", "{e6816050-c903-daf5-abf8-71a508620ed5}"
EndProject
Global
	GlobalSection(SolutionConfigurationPlatforms) = preSolution
		Debug|Any CPU = Debug|Any CPU
	EndGlobalSection
	GlobalSection(ProjectConfigurationPlatforms) = postSolution
		{3fdb3442-7432-0636-ec33-7c333ec64cc4}.Debug|Any CPU.ActiveCfg = Debug|Any CPU
		{3fdb3442-7432-0636-ec33-7c333ec64cc4}.Debug|Any CPU.Build.0 = Debug|Any CPU
		{e6816050-c903-daf5-abf8-71a508620ed5}.Debug|Any CPU.ActiveCfg = Debug|Any CPU
		{e6816050-c903-daf5-abf8-71a508620ed5}.Debug|Any CPU.Build.0 = Debug|Any CPU
	EndGlobalSection
	GlobalSection(SolutionProperties) = preSolution
		HideSolutionNode = FALSE
	EndGlobalSection
EndGlobal
